
Microsoft Visual Studio Solution File, Format Version 12.00
# Visual Studio 15
VisualStudioVersion = 15.0.28307.102
MinimumVisualStudioVersion = 10.0.40219.1
Project("{FAE04EC0-301F-11D3-BF4B-00C04F79EFBC}") = "DataDrivenFramework", "DataDrivenFramework\DataDrivenFramework.csproj", "{A748E781-F8A2-4526-826B-17F9050796A6}"
EndProject
Global
	GlobalSection(SolutionConfigurationPlatforms) = preSolution
		Debug|Any CPU = Debug|Any CPU
		Release|Any CPU = Release|Any CPU
	EndGlobalSection
	GlobalSection(ProjectConfigurationPlatforms) = postSolution
		{A748E781-F8A2-4526-826B-17F9050796A6}.Debug|Any CPU.ActiveCfg = Debug|Any CPU
		{A748E781-F8A2-4526-826B-17F9050796A6}.Debug|Any CPU.Build.0 = Debug|Any CPU
		{A748E781-F8A2-4526-826B-17F9050796A6}.Release|Any CPU.ActiveCfg = Release|Any CPU
		{A748E781-F8A2-4526-826B-17F9050796A6}.Release|Any CPU.Build.0 = Release|Any CPU
	EndGlobalSection
	GlobalSection(SolutionProperties) = preSolution
		HideSolutionNode = FALSE
	EndGlobalSection
	GlobalSection(ExtensibilityGlobals) = postSolution
		SolutionGuid = {2E20DD77-FE44-4BF7-AA17-083E35B66F52}
	EndGlobalSection
EndGlobal
